
Microsoft Visual Studio Solution File, Format Version 12.00
# Visual Studio Version 17
VisualStudioVersion = 17.7.34031.279
MinimumVisualStudioVersion = 10.0.40219.1
Project("{FAE04EC0-301F-11D3-BF4B-00C04F79EFBC}") = "ControlAdmin_COE.Android", "ControlAdmin_COE\ControlAdmin_COE.Android\ControlAdmin_COE.Android.csproj", "{E1B3EFC5-52CD-4463-BB68-AC936F2255C6}"
EndProject
Project("{FAE04EC0-301F-11D3-BF4B-00C04F79EFBC}") = "ControlAdmin_COE", "ControlAdmin_COE\ControlAdmin_COE\ControlAdmin_COE.csproj", "{6FDB50FD-EAA2-4F9C-BF9B-8F5031CE51E7}"
EndProject
Global
	GlobalSection(SolutionConfigurationPlatforms) = preSolution
		Debug|Any CPU = Debug|Any CPU
		Release|Any CPU = Release|Any CPU
	EndGlobalSection
	GlobalSection(ProjectConfigurationPlatforms) = postSolution
		{E1B3EFC5-52CD-4463-BB68-AC936F2255C6}.Debug|Any CPU.ActiveCfg = Debug|Any CPU
		{E1B3EFC5-52CD-4463-BB68-AC936F2255C6}.Debug|Any CPU.Build.0 = Debug|Any CPU
		{E1B3EFC5-52CD-4463-BB68-AC936F2255C6}.Debug|Any CPU.Deploy.0 = Debug|Any CPU
		{E1B3EFC5-52CD-4463-BB68-AC936F2255C6}.Release|Any CPU.ActiveCfg = Release|Any CPU
		{E1B3EFC5-52CD-4463-BB68-AC936F2255C6}.Release|Any CPU.Build.0 = Release|Any CPU
		{E1B3EFC5-52CD-4463-BB68-AC936F2255C6}.Release|Any CPU.Deploy.0 = Release|Any CPU
		{6FDB50FD-EAA2-4F9C-BF9B-8F5031CE51E7}.Debug|Any CPU.ActiveCfg = Debug|Any CPU
		{6FDB50FD-EAA2-4F9C-BF9B-8F5031CE51E7}.Debug|Any CPU.Build.0 = Debug|Any CPU
		{6FDB50FD-EAA2-4F9C-BF9B-8F5031CE51E7}.Release|Any CPU.ActiveCfg = Release|Any CPU
		{6FDB50FD-EAA2-4F9C-BF9B-8F5031CE51E7}.Release|Any CPU.Build.0 = Release|Any CPU
	EndGlobalSection
	GlobalSection(SolutionProperties) = preSolution
		HideSolutionNode = FALSE
	EndGlobalSection
	GlobalSection(ExtensibilityGlobals) = postSolution
		SolutionGuid = {F3FB065D-4211-49F5-9CAA-4149511F61D4}
	EndGlobalSection
EndGlobal
